
Microsoft Visual Studio Solution File, Format Version 12.00
# Visual Studio Version 17
VisualStudioVersion = 17.9.34902.65
MinimumVisualStudioVersion = 10.0.40219.1
Project("{FAE04EC0-301F-11D3-BF4B-00C04F79EFBC}") = "8kyu_Grasshopper", "8kyu_Grasshopper\8kyu_Grasshopper.csproj", "{F83E1E78-7F8F-471E-8A71-95674B2D1A89}"
EndProject
Global
	GlobalSection(SolutionConfigurationPlatforms) = preSolution
		Debug|Any CPU = Debug|Any CPU
		Release|Any CPU = Release|Any CPU
	EndGlobalSection
	GlobalSection(ProjectConfigurationPlatforms) = postSolution
		{F83E1E78-7F8F-471E-8A71-95674B2D1A89}.Debug|Any CPU.ActiveCfg = Debug|Any CPU
		{F83E1E78-7F8F-471E-8A71-95674B2D1A89}.Debug|Any CPU.Build.0 = Debug|Any CPU
		{F83E1E78-7F8F-471E-8A71-95674B2D1A89}.Release|Any CPU.ActiveCfg = Release|Any CPU
		{F83E1E78-7F8F-471E-8A71-95674B2D1A89}.Release|Any CPU.Build.0 = Release|Any CPU
	EndGlobalSection
	GlobalSection(SolutionProperties) = preSolution
		HideSolutionNode = FALSE
	EndGlobalSection
	GlobalSection(ExtensibilityGlobals) = postSolution
		SolutionGuid = {40676EBA-5C61-4B91-9282-3998B18092F0}
	EndGlobalSection
EndGlobal
