
Microsoft Visual Studio Solution File, Format Version 12.00
# Visual Studio Version 17
VisualStudioVersion = 17.9.34902.65
MinimumVisualStudioVersion = 10.0.40219.1
Project("{FAE04EC0-301F-11D3-BF4B-00C04F79EFBC}") = "6kyu_MakeDeadfishSwim", "6kyu_MakeDeadfishSwim.csproj", "{A65B5B3F-FE95-4CB4-8145-2D829B0EF3A4}"
EndProject
Global
	GlobalSection(SolutionConfigurationPlatforms) = preSolution
		Debug|Any CPU = Debug|Any CPU
		Release|Any CPU = Release|Any CPU
	EndGlobalSection
	GlobalSection(ProjectConfigurationPlatforms) = postSolution
		{A65B5B3F-FE95-4CB4-8145-2D829B0EF3A4}.Debug|Any CPU.ActiveCfg = Debug|Any CPU
		{A65B5B3F-FE95-4CB4-8145-2D829B0EF3A4}.Debug|Any CPU.Build.0 = Debug|Any CPU
		{A65B5B3F-FE95-4CB4-8145-2D829B0EF3A4}.Release|Any CPU.ActiveCfg = Release|Any CPU
		{A65B5B3F-FE95-4CB4-8145-2D829B0EF3A4}.Release|Any CPU.Build.0 = Release|Any CPU
	EndGlobalSection
	GlobalSection(SolutionProperties) = preSolution
		HideSolutionNode = FALSE
	EndGlobalSection
	GlobalSection(ExtensibilityGlobals) = postSolution
		SolutionGuid = {F1CFE296-CB6F-41AA-B8CF-B0128B93CAB2}
	EndGlobalSection
EndGlobal
