
Microsoft Visual Studio Solution File, Format Version 12.00
# Visual Studio Version 17
VisualStudioVersion = 17.9.34902.65
MinimumVisualStudioVersion = 10.0.40219.1
Project("{FAE04EC0-301F-11D3-BF4B-00C04F79EFBC}") = "7kyu_JavaScriptArrayFilter", "7kyu_JavaScriptArrayFilter.csproj", "{AC2289AC-D0F9-40B0-AB85-5065B21D58D4}"
EndProject
Global
	GlobalSection(SolutionConfigurationPlatforms) = preSolution
		Debug|Any CPU = Debug|Any CPU
		Release|Any CPU = Release|Any CPU
	EndGlobalSection
	GlobalSection(ProjectConfigurationPlatforms) = postSolution
		{AC2289AC-D0F9-40B0-AB85-5065B21D58D4}.Debug|Any CPU.ActiveCfg = Debug|Any CPU
		{AC2289AC-D0F9-40B0-AB85-5065B21D58D4}.Debug|Any CPU.Build.0 = Debug|Any CPU
		{AC2289AC-D0F9-40B0-AB85-5065B21D58D4}.Release|Any CPU.ActiveCfg = Release|Any CPU
		{AC2289AC-D0F9-40B0-AB85-5065B21D58D4}.Release|Any CPU.Build.0 = Release|Any CPU
	EndGlobalSection
	GlobalSection(SolutionProperties) = preSolution
		HideSolutionNode = FALSE
	EndGlobalSection
	GlobalSection(ExtensibilityGlobals) = postSolution
		SolutionGuid = {9C8D1A05-6006-4027-BF25-9999EDFC4AB6}
	EndGlobalSection
EndGlobal
