
Microsoft Visual Studio Solution File, Format Version 12.00
# Visual Studio Version 17
VisualStudioVersion = 17.9.34902.65
MinimumVisualStudioVersion = 10.0.40219.1
Project("{FAE04EC0-301F-11D3-BF4B-00C04F79EFBC}") = "7kyu_TheCouponCode", "7kyu_TheCouponCode.csproj", "{DA9F1E4C-F852-41EC-A09B-2E7093748403}"
EndProject
Global
	GlobalSection(SolutionConfigurationPlatforms) = preSolution
		Debug|Any CPU = Debug|Any CPU
		Release|Any CPU = Release|Any CPU
	EndGlobalSection
	GlobalSection(ProjectConfigurationPlatforms) = postSolution
		{DA9F1E4C-F852-41EC-A09B-2E7093748403}.Debug|Any CPU.ActiveCfg = Debug|Any CPU
		{DA9F1E4C-F852-41EC-A09B-2E7093748403}.Debug|Any CPU.Build.0 = Debug|Any CPU
		{DA9F1E4C-F852-41EC-A09B-2E7093748403}.Release|Any CPU.ActiveCfg = Release|Any CPU
		{DA9F1E4C-F852-41EC-A09B-2E7093748403}.Release|Any CPU.Build.0 = Release|Any CPU
	EndGlobalSection
	GlobalSection(SolutionProperties) = preSolution
		HideSolutionNode = FALSE
	EndGlobalSection
	GlobalSection(ExtensibilityGlobals) = postSolution
		SolutionGuid = {F7B8B212-6B37-4194-9012-72F10A1A8C54}
	EndGlobalSection
EndGlobal
