
Microsoft Visual Studio Solution File, Format Version 12.00
# Visual Studio Version 17
VisualStudioVersion = 17.9.34902.65
MinimumVisualStudioVersion = 10.0.40219.1
Project("{FAE04EC0-301F-11D3-BF4B-00C04F79EFBC}") = "8kyu_FindFirstNonConsecutiveNumber", "8kyu_FindFirstNonConsecutiveNumber\8kyu_FindFirstNonConsecutiveNumber.csproj", "{05DAB3D4-1D17-4FB5-BF22-9266531F4097}"
EndProject
Global
	GlobalSection(SolutionConfigurationPlatforms) = preSolution
		Debug|Any CPU = Debug|Any CPU
		Release|Any CPU = Release|Any CPU
	EndGlobalSection
	GlobalSection(ProjectConfigurationPlatforms) = postSolution
		{05DAB3D4-1D17-4FB5-BF22-9266531F4097}.Debug|Any CPU.ActiveCfg = Debug|Any CPU
		{05DAB3D4-1D17-4FB5-BF22-9266531F4097}.Debug|Any CPU.Build.0 = Debug|Any CPU
		{05DAB3D4-1D17-4FB5-BF22-9266531F4097}.Release|Any CPU.ActiveCfg = Release|Any CPU
		{05DAB3D4-1D17-4FB5-BF22-9266531F4097}.Release|Any CPU.Build.0 = Release|Any CPU
	EndGlobalSection
	GlobalSection(SolutionProperties) = preSolution
		HideSolutionNode = FALSE
	EndGlobalSection
	GlobalSection(ExtensibilityGlobals) = postSolution
		SolutionGuid = {DD6B758B-5BE1-453C-B29D-DCBE6765A802}
	EndGlobalSection
EndGlobal
