
Microsoft Visual Studio Solution File, Format Version 12.00
# Visual Studio Version 17
VisualStudioVersion = 17.9.34902.65
MinimumVisualStudioVersion = 10.0.40219.1
Project("{FAE04EC0-301F-11D3-BF4B-00C04F79EFBC}") = "7kyu_CheckExam", "7kyu_CheckExam.csproj", "{CDB45140-CB5E-4F39-A881-4D31580813D7}"
EndProject
Global
	GlobalSection(SolutionConfigurationPlatforms) = preSolution
		Debug|Any CPU = Debug|Any CPU
		Release|Any CPU = Release|Any CPU
	EndGlobalSection
	GlobalSection(ProjectConfigurationPlatforms) = postSolution
		{CDB45140-CB5E-4F39-A881-4D31580813D7}.Debug|Any CPU.ActiveCfg = Debug|Any CPU
		{CDB45140-CB5E-4F39-A881-4D31580813D7}.Debug|Any CPU.Build.0 = Debug|Any CPU
		{CDB45140-CB5E-4F39-A881-4D31580813D7}.Release|Any CPU.ActiveCfg = Release|Any CPU
		{CDB45140-CB5E-4F39-A881-4D31580813D7}.Release|Any CPU.Build.0 = Release|Any CPU
	EndGlobalSection
	GlobalSection(SolutionProperties) = preSolution
		HideSolutionNode = FALSE
	EndGlobalSection
	GlobalSection(ExtensibilityGlobals) = postSolution
		SolutionGuid = {3225D375-2CD0-4A8D-9E21-AD93C03416B8}
	EndGlobalSection
EndGlobal
