
Microsoft Visual Studio Solution File, Format Version 12.00
# Visual Studio Version 17
VisualStudioVersion = 17.9.34902.65
MinimumVisualStudioVersion = 10.0.40219.1
Project("{FAE04EC0-301F-11D3-BF4B-00C04F79EFBC}") = "8kyu_RemoveFirstAndLastCharacter", "8kyu_RemoveFirstAndLastCharacter\8kyu_RemoveFirstAndLastCharacter.csproj", "{F4FF921E-67F9-4382-9376-BE6A66959757}"
EndProject
Global
	GlobalSection(SolutionConfigurationPlatforms) = preSolution
		Debug|Any CPU = Debug|Any CPU
		Release|Any CPU = Release|Any CPU
	EndGlobalSection
	GlobalSection(ProjectConfigurationPlatforms) = postSolution
		{F4FF921E-67F9-4382-9376-BE6A66959757}.Debug|Any CPU.ActiveCfg = Debug|Any CPU
		{F4FF921E-67F9-4382-9376-BE6A66959757}.Debug|Any CPU.Build.0 = Debug|Any CPU
		{F4FF921E-67F9-4382-9376-BE6A66959757}.Release|Any CPU.ActiveCfg = Release|Any CPU
		{F4FF921E-67F9-4382-9376-BE6A66959757}.Release|Any CPU.Build.0 = Release|Any CPU
	EndGlobalSection
	GlobalSection(SolutionProperties) = preSolution
		HideSolutionNode = FALSE
	EndGlobalSection
	GlobalSection(ExtensibilityGlobals) = postSolution
		SolutionGuid = {16E320E4-A22C-4192-A958-7F0E9828A243}
	EndGlobalSection
EndGlobal
