
Microsoft Visual Studio Solution File, Format Version 12.00
# Visual Studio Version 17
VisualStudioVersion = 17.9.34902.65
MinimumVisualStudioVersion = 10.0.40219.1
Project("{FAE04EC0-301F-11D3-BF4B-00C04F79EFBC}") = "8kyu_CountByX", "8kyu_CountByX.csproj", "{7022FE7C-7EA5-4BB3-B940-1C15C11DE91E}"
EndProject
Global
	GlobalSection(SolutionConfigurationPlatforms) = preSolution
		Debug|Any CPU = Debug|Any CPU
		Release|Any CPU = Release|Any CPU
	EndGlobalSection
	GlobalSection(ProjectConfigurationPlatforms) = postSolution
		{7022FE7C-7EA5-4BB3-B940-1C15C11DE91E}.Debug|Any CPU.ActiveCfg = Debug|Any CPU
		{7022FE7C-7EA5-4BB3-B940-1C15C11DE91E}.Debug|Any CPU.Build.0 = Debug|Any CPU
		{7022FE7C-7EA5-4BB3-B940-1C15C11DE91E}.Release|Any CPU.ActiveCfg = Release|Any CPU
		{7022FE7C-7EA5-4BB3-B940-1C15C11DE91E}.Release|Any CPU.Build.0 = Release|Any CPU
	EndGlobalSection
	GlobalSection(SolutionProperties) = preSolution
		HideSolutionNode = FALSE
	EndGlobalSection
	GlobalSection(ExtensibilityGlobals) = postSolution
		SolutionGuid = {6B1A2144-3A18-4131-9F04-3F399845BB81}
	EndGlobalSection
EndGlobal
