
Microsoft Visual Studio Solution File, Format Version 12.00
# Visual Studio Version 17
VisualStudioVersion = 17.9.34902.65
MinimumVisualStudioVersion = 10.0.40219.1
Project("{FAE04EC0-301F-11D3-BF4B-00C04F79EFBC}") = "8kyu_AreaOrPerimeter", "8kyu_AreaOrPerimeter\8kyu_AreaOrPerimeter.csproj", "{2C4E739C-BE8D-412E-8F43-75A6A72E0468}"
EndProject
Global
	GlobalSection(SolutionConfigurationPlatforms) = preSolution
		Debug|Any CPU = Debug|Any CPU
		Release|Any CPU = Release|Any CPU
	EndGlobalSection
	GlobalSection(ProjectConfigurationPlatforms) = postSolution
		{2C4E739C-BE8D-412E-8F43-75A6A72E0468}.Debug|Any CPU.ActiveCfg = Debug|Any CPU
		{2C4E739C-BE8D-412E-8F43-75A6A72E0468}.Debug|Any CPU.Build.0 = Debug|Any CPU
		{2C4E739C-BE8D-412E-8F43-75A6A72E0468}.Release|Any CPU.ActiveCfg = Release|Any CPU
		{2C4E739C-BE8D-412E-8F43-75A6A72E0468}.Release|Any CPU.Build.0 = Release|Any CPU
	EndGlobalSection
	GlobalSection(SolutionProperties) = preSolution
		HideSolutionNode = FALSE
	EndGlobalSection
	GlobalSection(ExtensibilityGlobals) = postSolution
		SolutionGuid = {063890D0-CD59-4191-B197-DBEF2BDE1A75}
	EndGlobalSection
EndGlobal
