
Microsoft Visual Studio Solution File, Format Version 12.00
# Visual Studio Version 17
VisualStudioVersion = 17.9.34902.65
MinimumVisualStudioVersion = 10.0.40219.1
Project("{FAE04EC0-301F-11D3-BF4B-00C04F79EFBC}") = "7kuy_RemoveAnchorFromURL", "7kuy_RemoveAnchorFromURL.csproj", "{609FDCAD-C81C-45E3-BB8E-234A0348E3DF}"
EndProject
Global
	GlobalSection(SolutionConfigurationPlatforms) = preSolution
		Debug|Any CPU = Debug|Any CPU
		Release|Any CPU = Release|Any CPU
	EndGlobalSection
	GlobalSection(ProjectConfigurationPlatforms) = postSolution
		{609FDCAD-C81C-45E3-BB8E-234A0348E3DF}.Debug|Any CPU.ActiveCfg = Debug|Any CPU
		{609FDCAD-C81C-45E3-BB8E-234A0348E3DF}.Debug|Any CPU.Build.0 = Debug|Any CPU
		{609FDCAD-C81C-45E3-BB8E-234A0348E3DF}.Release|Any CPU.ActiveCfg = Release|Any CPU
		{609FDCAD-C81C-45E3-BB8E-234A0348E3DF}.Release|Any CPU.Build.0 = Release|Any CPU
	EndGlobalSection
	GlobalSection(SolutionProperties) = preSolution
		HideSolutionNode = FALSE
	EndGlobalSection
	GlobalSection(ExtensibilityGlobals) = postSolution
		SolutionGuid = {D6114748-AA99-4977-B115-D1EE5E29C32B}
	EndGlobalSection
EndGlobal
