
Microsoft Visual Studio Solution File, Format Version 12.00
# Visual Studio Version 17
VisualStudioVersion = 17.9.34902.65
MinimumVisualStudioVersion = 10.0.40219.1
Project("{FAE04EC0-301F-11D3-BF4B-00C04F79EFBC}") = "8kyu_TransportationOnVacation", "8kyu_TransportationOnVacation.csproj", "{A73FB03F-6650-4503-BA76-2FC11924138A}"
EndProject
Global
	GlobalSection(SolutionConfigurationPlatforms) = preSolution
		Debug|Any CPU = Debug|Any CPU
		Release|Any CPU = Release|Any CPU
	EndGlobalSection
	GlobalSection(ProjectConfigurationPlatforms) = postSolution
		{A73FB03F-6650-4503-BA76-2FC11924138A}.Debug|Any CPU.ActiveCfg = Debug|Any CPU
		{A73FB03F-6650-4503-BA76-2FC11924138A}.Debug|Any CPU.Build.0 = Debug|Any CPU
		{A73FB03F-6650-4503-BA76-2FC11924138A}.Release|Any CPU.ActiveCfg = Release|Any CPU
		{A73FB03F-6650-4503-BA76-2FC11924138A}.Release|Any CPU.Build.0 = Release|Any CPU
	EndGlobalSection
	GlobalSection(SolutionProperties) = preSolution
		HideSolutionNode = FALSE
	EndGlobalSection
	GlobalSection(ExtensibilityGlobals) = postSolution
		SolutionGuid = {2A922CCF-2F66-46EA-9B59-2D5B164F7282}
	EndGlobalSection
EndGlobal
