
Microsoft Visual Studio Solution File, Format Version 12.00
# Visual Studio Version 17
VisualStudioVersion = 17.9.34902.65
MinimumVisualStudioVersion = 10.0.40219.1
Project("{FAE04EC0-301F-11D3-BF4B-00C04F79EFBC}") = "8kyu_RemoveExclamationMarks", "8kyu_RemoveExclamationMarks\8kyu_RemoveExclamationMarks.csproj", "{3D6CCD5C-C1F7-450A-8C32-E2D152003E5F}"
EndProject
Global
	GlobalSection(SolutionConfigurationPlatforms) = preSolution
		Debug|Any CPU = Debug|Any CPU
		Release|Any CPU = Release|Any CPU
	EndGlobalSection
	GlobalSection(ProjectConfigurationPlatforms) = postSolution
		{3D6CCD5C-C1F7-450A-8C32-E2D152003E5F}.Debug|Any CPU.ActiveCfg = Debug|Any CPU
		{3D6CCD5C-C1F7-450A-8C32-E2D152003E5F}.Debug|Any CPU.Build.0 = Debug|Any CPU
		{3D6CCD5C-C1F7-450A-8C32-E2D152003E5F}.Release|Any CPU.ActiveCfg = Release|Any CPU
		{3D6CCD5C-C1F7-450A-8C32-E2D152003E5F}.Release|Any CPU.Build.0 = Release|Any CPU
	EndGlobalSection
	GlobalSection(SolutionProperties) = preSolution
		HideSolutionNode = FALSE
	EndGlobalSection
	GlobalSection(ExtensibilityGlobals) = postSolution
		SolutionGuid = {99166014-D888-4B10-B372-D622D7F6A5E7}
	EndGlobalSection
EndGlobal
