
Microsoft Visual Studio Solution File, Format Version 12.00
# Visual Studio Version 17
VisualStudioVersion = 17.9.34902.65
MinimumVisualStudioVersion = 10.0.40219.1
Project("{FAE04EC0-301F-11D3-BF4B-00C04F79EFBC}") = "6kyu_PersistentBugger", "6kyu_PersistentBugger.csproj", "{59392E42-2D05-4D92-A895-402DC75B6236}"
EndProject
Global
	GlobalSection(SolutionConfigurationPlatforms) = preSolution
		Debug|Any CPU = Debug|Any CPU
		Release|Any CPU = Release|Any CPU
	EndGlobalSection
	GlobalSection(ProjectConfigurationPlatforms) = postSolution
		{59392E42-2D05-4D92-A895-402DC75B6236}.Debug|Any CPU.ActiveCfg = Debug|Any CPU
		{59392E42-2D05-4D92-A895-402DC75B6236}.Debug|Any CPU.Build.0 = Debug|Any CPU
		{59392E42-2D05-4D92-A895-402DC75B6236}.Release|Any CPU.ActiveCfg = Release|Any CPU
		{59392E42-2D05-4D92-A895-402DC75B6236}.Release|Any CPU.Build.0 = Release|Any CPU
	EndGlobalSection
	GlobalSection(SolutionProperties) = preSolution
		HideSolutionNode = FALSE
	EndGlobalSection
	GlobalSection(ExtensibilityGlobals) = postSolution
		SolutionGuid = {1711EB0B-643C-449D-B188-5801E270068A}
	EndGlobalSection
EndGlobal
